
Microsoft Visual Studio Solution File, Format Version 12.00
# Visual Studio Version 17
VisualStudioVersion = 17.8.34525.116
MinimumVisualStudioVersion = 10.0.40219.1
Project("{9A19103F-16F7-4668-BE54-9A1E7A4F7556}") = "PizzaService", "PizzaService\PizzaService.csproj", "{AB5A235B-983D-41D0-8ED9-D49134C35C29}"
	ProjectSection(ProjectDependencies) = postProject
		{40F19411-1EED-451A-AD00-F0DAC6A551C5} = {40F19411-1EED-451A-AD00-F0DAC6A551C5}
		{65FB6D23-A18E-453F-AB1F-7527BB190285} = {65FB6D23-A18E-453F-AB1F-7527BB190285}
		{F65DA3EB-EBCB-47FE-85A0-4ED39EF71D63} = {F65DA3EB-EBCB-47FE-85A0-4ED39EF71D63}
	EndProjectSection
EndProject
Project("{9A19103F-16F7-4668-BE54-9A1E7A4F7556}") = "Domain", "Domain\Domain.csproj", "{65FB6D23-A18E-453F-AB1F-7527BB190285}"
EndProject
Project("{9A19103F-16F7-4668-BE54-9A1E7A4F7556}") = "Application", "Application\Application.csproj", "{F65DA3EB-EBCB-47FE-85A0-4ED39EF71D63}"
	ProjectSection(ProjectDependencies) = postProject
		{65FB6D23-A18E-453F-AB1F-7527BB190285} = {65FB6D23-A18E-453F-AB1F-7527BB190285}
	EndProjectSection
EndProject
Project("{9A19103F-16F7-4668-BE54-9A1E7A4F7556}") = "Infrastructure", "Infrastructure\Infrastructure.csproj", "{40F19411-1EED-451A-AD00-F0DAC6A551C5}"
	ProjectSection(ProjectDependencies) = postProject
		{65FB6D23-A18E-453F-AB1F-7527BB190285} = {65FB6D23-A18E-453F-AB1F-7527BB190285}
		{F65DA3EB-EBCB-47FE-85A0-4ED39EF71D63} = {F65DA3EB-EBCB-47FE-85A0-4ED39EF71D63}
	EndProjectSection
EndProject
Global
	GlobalSection(SolutionConfigurationPlatforms) = preSolution
		Debug|Any CPU = Debug|Any CPU
		Release|Any CPU = Release|Any CPU
	EndGlobalSection
	GlobalSection(ProjectConfigurationPlatforms) = postSolution
		{AB5A235B-983D-41D0-8ED9-D49134C35C29}.Debug|Any CPU.ActiveCfg = Debug|Any CPU
		{AB5A235B-983D-41D0-8ED9-D49134C35C29}.Debug|Any CPU.Build.0 = Debug|Any CPU
		{AB5A235B-983D-41D0-8ED9-D49134C35C29}.Release|Any CPU.ActiveCfg = Release|Any CPU
		{AB5A235B-983D-41D0-8ED9-D49134C35C29}.Release|Any CPU.Build.0 = Release|Any CPU
		{65FB6D23-A18E-453F-AB1F-7527BB190285}.Debug|Any CPU.ActiveCfg = Debug|Any CPU
		{65FB6D23-A18E-453F-AB1F-7527BB190285}.Debug|Any CPU.Build.0 = Debug|Any CPU
		{65FB6D23-A18E-453F-AB1F-7527BB190285}.Release|Any CPU.ActiveCfg = Release|Any CPU
		{65FB6D23-A18E-453F-AB1F-7527BB190285}.Release|Any CPU.Build.0 = Release|Any CPU
		{F65DA3EB-EBCB-47FE-85A0-4ED39EF71D63}.Debug|Any CPU.ActiveCfg = Debug|Any CPU
		{F65DA3EB-EBCB-47FE-85A0-4ED39EF71D63}.Debug|Any CPU.Build.0 = Debug|Any CPU
		{F65DA3EB-EBCB-47FE-85A0-4ED39EF71D63}.Release|Any CPU.ActiveCfg = Release|Any CPU
		{F65DA3EB-EBCB-47FE-85A0-4ED39EF71D63}.Release|Any CPU.Build.0 = Release|Any CPU
		{40F19411-1EED-451A-AD00-F0DAC6A551C5}.Debug|Any CPU.ActiveCfg = Debug|Any CPU
		{40F19411-1EED-451A-AD00-F0DAC6A551C5}.Debug|Any CPU.Build.0 = Debug|Any CPU
		{40F19411-1EED-451A-AD00-F0DAC6A551C5}.Release|Any CPU.ActiveCfg = Release|Any CPU
		{40F19411-1EED-451A-AD00-F0DAC6A551C5}.Release|Any CPU.Build.0 = Release|Any CPU
	EndGlobalSection
	GlobalSection(SolutionProperties) = preSolution
		HideSolutionNode = FALSE
	EndGlobalSection
	GlobalSection(ExtensibilityGlobals) = postSolution
		SolutionGuid = {BA088A42-0784-4E93-A67F-3BF3654E5885}
	EndGlobalSection
EndGlobal
